
Microsoft Visual Studio Solution File, Format Version 12.00
# Visual Studio Version 17
VisualStudioVersion = 17.14.37314.3 d17.14
MinimumVisualStudioVersion = 10.0.40219.1
Project("{FAE04EC0-301F-11D3-BF4B-00C04F79EFBC}") = "HSR_Ancients_STS2", "HSR_Ancients_STS2.csproj", "{AD0EBD01-27CA-4E45-966E-A6B777402A64}"
EndProject
Global
	GlobalSection(SolutionConfigurationPlatforms) = preSolution
		Debug|Any CPU = Debug|Any CPU
		ExportDebug|Any CPU = ExportDebug|Any CPU
		ExportRelease|Any CPU = ExportRelease|Any CPU
	EndGlobalSection
	GlobalSection(ProjectConfigurationPlatforms) = postSolution
		{AD0EBD01-27CA-4E45-966E-A6B777402A64}.Debug|Any CPU.ActiveCfg = Debug|Any CPU
		{AD0EBD01-27CA-4E45-966E-A6B777402A64}.Debug|Any CPU.Build.0 = Debug|Any CPU
		{AD0EBD01-27CA-4E45-966E-A6B777402A64}.ExportDebug|Any CPU.ActiveCfg = ExportDebug|Any CPU
		{AD0EBD01-27CA-4E45-966E-A6B777402A64}.ExportDebug|Any CPU.Build.0 = ExportDebug|Any CPU
		{AD0EBD01-27CA-4E45-966E-A6B777402A64}.ExportRelease|Any CPU.ActiveCfg = ExportRelease|Any CPU
		{AD0EBD01-27CA-4E45-966E-A6B777402A64}.ExportRelease|Any CPU.Build.0 = ExportRelease|Any CPU
	EndGlobalSection
	GlobalSection(SolutionProperties) = preSolution
		HideSolutionNode = FALSE
	EndGlobalSection
	GlobalSection(ExtensibilityGlobals) = postSolution
		SolutionGuid = {127C1A1F-381B-4C74-A099-3AD264081838}
	EndGlobalSection
EndGlobal
